
Microsoft Visual Studio Solution File, Format Version 12.00
# Visual Studio Version 17
VisualStudioVersion = 17.8.34511.84
MinimumVisualStudioVersion = 10.0.40219.1
Project("{FAE04EC0-301F-11D3-BF4B-00C04F79EFBC}") = "CustomKit", "CustomKit\CustomKit.csproj", "{88058929-B7E4-49FD-9A8C-02D733FA1987}"
EndProject
Global
	GlobalSection(SolutionConfigurationPlatforms) = preSolution
		Debug|Any CPU = Debug|Any CPU
		Debug|x64 = Debug|x64
		Release|Any CPU = Release|Any CPU
		Release|x64 = Release|x64
	EndGlobalSection
	GlobalSection(ProjectConfigurationPlatforms) = postSolution
		{88058929-B7E4-49FD-9A8C-02D733FA1987}.Debug|Any CPU.ActiveCfg = Debug|Any CPU
		{88058929-B7E4-49FD-9A8C-02D733FA1987}.Debug|Any CPU.Build.0 = Debug|Any CPU
		{88058929-B7E4-49FD-9A8C-02D733FA1987}.Debug|x64.ActiveCfg = Debug|x64
		{88058929-B7E4-49FD-9A8C-02D733FA1987}.Debug|x64.Build.0 = Debug|x64
		{88058929-B7E4-49FD-9A8C-02D733FA1987}.Release|Any CPU.ActiveCfg = Release|Any CPU
		{88058929-B7E4-49FD-9A8C-02D733FA1987}.Release|Any CPU.Build.0 = Release|Any CPU
		{88058929-B7E4-49FD-9A8C-02D733FA1987}.Release|x64.ActiveCfg = Release|x64
		{88058929-B7E4-49FD-9A8C-02D733FA1987}.Release|x64.Build.0 = Release|x64
	EndGlobalSection
	GlobalSection(SolutionProperties) = preSolution
		HideSolutionNode = FALSE
	EndGlobalSection
	GlobalSection(ExtensibilityGlobals) = postSolution
		SolutionGuid = {50B75D39-B5C6-4456-A505-1B441473C657}
	EndGlobalSection
EndGlobal
